
Microsoft Visual Studio Solution File, Format Version 12.00
# Visual Studio Version 16
VisualStudioVersion = 16.0.31019.35
MinimumVisualStudioVersion = 10.0.40219.1
Project("{FAE04EC0-301F-11D3-BF4B-00C04F79EFBC}") = "GarantEEG_Viewer", "GarantEEG_Viewer.csproj", "{9D2617ED-7207-4496-980D-2AA85C022BFD}"
EndProject
Global
	GlobalSection(SolutionConfigurationPlatforms) = preSolution
		Debug|Any CPU = Debug|Any CPU
		Release|Any CPU = Release|Any CPU
	EndGlobalSection
	GlobalSection(ProjectConfigurationPlatforms) = postSolution
		{9D2617ED-7207-4496-980D-2AA85C022BFD}.Debug|Any CPU.ActiveCfg = Debug|Any CPU
		{9D2617ED-7207-4496-980D-2AA85C022BFD}.Debug|Any CPU.Build.0 = Debug|Any CPU
		{9D2617ED-7207-4496-980D-2AA85C022BFD}.Release|Any CPU.ActiveCfg = Release|Any CPU
		{9D2617ED-7207-4496-980D-2AA85C022BFD}.Release|Any CPU.Build.0 = Release|Any CPU
	EndGlobalSection
	GlobalSection(SolutionProperties) = preSolution
		HideSolutionNode = FALSE
	EndGlobalSection
	GlobalSection(ExtensibilityGlobals) = postSolution
		SolutionGuid = {83E5C33A-888D-4BAA-92AC-7CAADDCD810A}
	EndGlobalSection
EndGlobal
